// !$*UTF8*$!
{
	archiveVersion = 1;
	classes = {
	};
	objectVersion = 56;
	objects = {

/* Begin PBXBuildFile section */
		F201DF812A251F2400D84C5E /* LoginView.swift in Sources */ = {isa = PBXBuildFile; fileRef = F201DF802A251F2400D84C5E /* LoginView.swift */; };
		F22FA3B82A96141600734267 /* Stablty.swift in Sources */ = {isa = PBXBuildFile; fileRef = F22FA3B72A96141600734267 /* Stablty.swift */; };
		F22FA3BC2A962C9400734267 /* StabltyContent.swift in Sources */ = {isa = PBXBuildFile; fileRef = F22FA3BB2A962C9400734267 /* StabltyContent.swift */; };
		F22FA3BE2A97786F00734267 /* ProgressiveView.swift in Sources */ = {isa = PBXBuildFile; fileRef = F22FA3BD2A97786F00734267 /* ProgressiveView.swift */; };
		F255A8392A3792BE00C73003 /* Errors.swift in Sources */ = {isa = PBXBuildFile; fileRef = F255A8382A3792BE00C73003 /* Errors.swift */; };
		F26AB95E2A1DA437009B41E3 /* StabltyApp.swift in Sources */ = {isa = PBXBuildFile; fileRef = F26AB95D2A1DA437009B41E3 /* StabltyApp.swift */; };
		F26AB9602A1DA437009B41E3 /* MainView.swift in Sources */ = {isa = PBXBuildFile; fileRef = F26AB95F2A1DA437009B41E3 /* MainView.swift */; };
		F26AB9622A1DA437009B41E3 /* Assets.xcassets in Resources */ = {isa = PBXBuildFile; fileRef = F26AB9612A1DA437009B41E3 /* Assets.xcassets */; };
		F26AB9662A1DA437009B41E3 /* Preview Assets.xcassets in Resources */ = {isa = PBXBuildFile; fileRef = F26AB9652A1DA437009B41E3 /* Preview Assets.xcassets */; };
		F26AB9702A1DA438009B41E3 /* StabltyTests.swift in Sources */ = {isa = PBXBuildFile; fileRef = F26AB96F2A1DA438009B41E3 /* StabltyTests.swift */; };
		F26AB97A2A1DA438009B41E3 /* StabltyUITests.swift in Sources */ = {isa = PBXBuildFile; fileRef = F26AB9792A1DA438009B41E3 /* StabltyUITests.swift */; };
		F26AB97C2A1DA438009B41E3 /* StabltyUITestsLaunchTests.swift in Sources */ = {isa = PBXBuildFile; fileRef = F26AB97B2A1DA438009B41E3 /* StabltyUITestsLaunchTests.swift */; };
		F26AB98D2A1E68CF009B41E3 /* GoogleService-Info.plist in Resources */ = {isa = PBXBuildFile; fileRef = F26AB98C2A1E68CF009B41E3 /* GoogleService-Info.plist */; };
		F26AB98E2A1E68CF009B41E3 /* GoogleService-Info.plist in Resources */ = {isa = PBXBuildFile; fileRef = F26AB98C2A1E68CF009B41E3 /* GoogleService-Info.plist */; };
		F26AB98F2A1E68CF009B41E3 /* GoogleService-Info.plist in Resources */ = {isa = PBXBuildFile; fileRef = F26AB98C2A1E68CF009B41E3 /* GoogleService-Info.plist */; };
		F26AB9922A1E696B009B41E3 /* FirebaseAnalytics in Frameworks */ = {isa = PBXBuildFile; productRef = F26AB9912A1E696B009B41E3 /* FirebaseAnalytics */; };
		F26AB9942A1E696B009B41E3 /* FirebaseAnalyticsSwift in Frameworks */ = {isa = PBXBuildFile; productRef = F26AB9932A1E696B009B41E3 /* FirebaseAnalyticsSwift */; };
		F26AB9962A1E696B009B41E3 /* FirebaseAppCheck in Frameworks */ = {isa = PBXBuildFile; productRef = F26AB9952A1E696B009B41E3 /* FirebaseAppCheck */; };
		F26AB9982A1E696B009B41E3 /* FirebaseAuth in Frameworks */ = {isa = PBXBuildFile; productRef = F26AB9972A1E696B009B41E3 /* FirebaseAuth */; };
		F26AB99A2A1E696B009B41E3 /* FirebaseFirestore in Frameworks */ = {isa = PBXBuildFile; productRef = F26AB9992A1E696B009B41E3 /* FirebaseFirestore */; };
		F26AB99C2A1E696B009B41E3 /* FirebaseFirestoreSwift in Frameworks */ = {isa = PBXBuildFile; productRef = F26AB99B2A1E696B009B41E3 /* FirebaseFirestoreSwift */; };
		F26AB99E2A1E696B009B41E3 /* FirebaseFunctions in Frameworks */ = {isa = PBXBuildFile; productRef = F26AB99D2A1E696B009B41E3 /* FirebaseFunctions */; };
		F26AB9A12A1E7245009B41E3 /* StabltyAppCheckProviderFactory.swift in Sources */ = {isa = PBXBuildFile; fileRef = F26AB9A02A1E7245009B41E3 /* StabltyAppCheckProviderFactory.swift */; };
		F26AB9A22A1E7245009B41E3 /* StabltyAppCheckProviderFactory.swift in Sources */ = {isa = PBXBuildFile; fileRef = F26AB9A02A1E7245009B41E3 /* StabltyAppCheckProviderFactory.swift */; };
		F26AB9A32A1E7245009B41E3 /* StabltyAppCheckProviderFactory.swift in Sources */ = {isa = PBXBuildFile; fileRef = F26AB9A02A1E7245009B41E3 /* StabltyAppCheckProviderFactory.swift */; };
		F2726C372A8BD4DC005B788E /* ImageAndTextButton.swift in Sources */ = {isa = PBXBuildFile; fileRef = F2726C362A8BD4DC005B788E /* ImageAndTextButton.swift */; };
		F28133242A93D0A1000AE451 /* UnnamedView1.swift in Sources */ = {isa = PBXBuildFile; fileRef = F28133232A93D0A1000AE451 /* UnnamedView1.swift */; };
		F28AB8A22A254DB9002D9870 /* LoginModel.swift in Sources */ = {isa = PBXBuildFile; fileRef = F28AB8A12A254DB9002D9870 /* LoginModel.swift */; };
		F28D9E3F2A5EBBA2002BFA64 /* HomeView.swift in Sources */ = {isa = PBXBuildFile; fileRef = F28D9E3E2A5EBBA2002BFA64 /* HomeView.swift */; };
		F28D9E412A5EBC36002BFA64 /* If.swift in Sources */ = {isa = PBXBuildFile; fileRef = F28D9E402A5EBC36002BFA64 /* If.swift */; };
		F29552E72ABA486900439B13 /* DescribedImageNavigationLink.swift in Sources */ = {isa = PBXBuildFile; fileRef = F29552E62ABA486800439B13 /* DescribedImageNavigationLink.swift */; };
		F2B1B7932A2EE8C6000CDC93 /* JWT.swift in Sources */ = {isa = PBXBuildFile; fileRef = F2B1B7922A2EE8C6000CDC93 /* JWT.swift */; };
		F2B1B7952A2EE984000CDC93 /* PreferencesView.swift in Sources */ = {isa = PBXBuildFile; fileRef = F2B1B7942A2EE984000CDC93 /* PreferencesView.swift */; };
		F2B1B7972A2EF2EC000CDC93 /* Crypto.swift in Sources */ = {isa = PBXBuildFile; fileRef = F2B1B7962A2EF2EC000CDC93 /* Crypto.swift */; };
		F2B1B7992A2EF358000CDC93 /* SettingsModel.swift in Sources */ = {isa = PBXBuildFile; fileRef = F2B1B7982A2EF358000CDC93 /* SettingsModel.swift */; };
		F2B714882A7458E50047B301 /* Poppins-ExtraLight.ttf in Resources */ = {isa = PBXBuildFile; fileRef = F2B714752A7458E50047B301 /* Poppins-ExtraLight.ttf */; };
		F2B714892A7458E50047B301 /* Poppins-ExtraLight.ttf in Resources */ = {isa = PBXBuildFile; fileRef = F2B714752A7458E50047B301 /* Poppins-ExtraLight.ttf */; };
		F2B7148A2A7458E50047B301 /* Poppins-ExtraLight.ttf in Resources */ = {isa = PBXBuildFile; fileRef = F2B714752A7458E50047B301 /* Poppins-ExtraLight.ttf */; };
		F2B7148B2A7458E50047B301 /* Poppins-ThinItalic.ttf in Resources */ = {isa = PBXBuildFile; fileRef = F2B714762A7458E50047B301 /* Poppins-ThinItalic.ttf */; };
		F2B7148C2A7458E50047B301 /* Poppins-ThinItalic.ttf in Resources */ = {isa = PBXBuildFile; fileRef = F2B714762A7458E50047B301 /* Poppins-ThinItalic.ttf */; };
		F2B7148D2A7458E50047B301 /* Poppins-ThinItalic.ttf in Resources */ = {isa = PBXBuildFile; fileRef = F2B714762A7458E50047B301 /* Poppins-ThinItalic.ttf */; };
		F2B7148E2A7458E50047B301 /* Poppins-ExtraLightItalic.ttf in Resources */ = {isa = PBXBuildFile; fileRef = F2B714772A7458E50047B301 /* Poppins-ExtraLightItalic.ttf */; };
		F2B7148F2A7458E50047B301 /* Poppins-ExtraLightItalic.ttf in Resources */ = {isa = PBXBuildFile; fileRef = F2B714772A7458E50047B301 /* Poppins-ExtraLightItalic.ttf */; };
		F2B714902A7458E50047B301 /* Poppins-ExtraLightItalic.ttf in Resources */ = {isa = PBXBuildFile; fileRef = F2B714772A7458E50047B301 /* Poppins-ExtraLightItalic.ttf */; };
		F2B714912A7458E50047B301 /* Poppins-BoldItalic.ttf in Resources */ = {isa = PBXBuildFile; fileRef = F2B714782A7458E50047B301 /* Poppins-BoldItalic.ttf */; };
		F2B714922A7458E50047B301 /* Poppins-BoldItalic.ttf in Resources */ = {isa = PBXBuildFile; fileRef = F2B714782A7458E50047B301 /* Poppins-BoldItalic.ttf */; };
		F2B714932A7458E50047B301 /* Poppins-BoldItalic.ttf in Resources */ = {isa = PBXBuildFile; fileRef = F2B714782A7458E50047B301 /* Poppins-BoldItalic.ttf */; };
		F2B714942A7458E50047B301 /* Poppins-Light.ttf in Resources */ = {isa = PBXBuildFile; fileRef = F2B714792A7458E50047B301 /* Poppins-Light.ttf */; };
		F2B714952A7458E50047B301 /* Poppins-Light.ttf in Resources */ = {isa = PBXBuildFile; fileRef = F2B714792A7458E50047B301 /* Poppins-Light.ttf */; };
		F2B714962A7458E50047B301 /* Poppins-Light.ttf in Resources */ = {isa = PBXBuildFile; fileRef = F2B714792A7458E50047B301 /* Poppins-Light.ttf */; };
		F2B714972A7458E50047B301 /* Poppins-Medium.ttf in Resources */ = {isa = PBXBuildFile; fileRef = F2B7147A2A7458E50047B301 /* Poppins-Medium.ttf */; };
		F2B714982A7458E50047B301 /* Poppins-Medium.ttf in Resources */ = {isa = PBXBuildFile; fileRef = F2B7147A2A7458E50047B301 /* Poppins-Medium.ttf */; };
		F2B714992A7458E50047B301 /* Poppins-Medium.ttf in Resources */ = {isa = PBXBuildFile; fileRef = F2B7147A2A7458E50047B301 /* Poppins-Medium.ttf */; };
		F2B7149A2A7458E50047B301 /* Poppins-SemiBoldItalic.ttf in Resources */ = {isa = PBXBuildFile; fileRef = F2B7147B2A7458E50047B301 /* Poppins-SemiBoldItalic.ttf */; };
		F2B7149B2A7458E50047B301 /* Poppins-SemiBoldItalic.ttf in Resources */ = {isa = PBXBuildFile; fileRef = F2B7147B2A7458E50047B301 /* Poppins-SemiBoldItalic.ttf */; };
		F2B7149C2A7458E50047B301 /* Poppins-SemiBoldItalic.ttf in Resources */ = {isa = PBXBuildFile; fileRef = F2B7147B2A7458E50047B301 /* Poppins-SemiBoldItalic.ttf */; };
		F2B7149D2A7458E50047B301 /* Poppins-ExtraBoldItalic.ttf in Resources */ = {isa = PBXBuildFile; fileRef = F2B7147C2A7458E50047B301 /* Poppins-ExtraBoldItalic.ttf */; };
		F2B7149E2A7458E50047B301 /* Poppins-ExtraBoldItalic.ttf in Resources */ = {isa = PBXBuildFile; fileRef = F2B7147C2A7458E50047B301 /* Poppins-ExtraBoldItalic.ttf */; };
		F2B7149F2A7458E50047B301 /* Poppins-ExtraBoldItalic.ttf in Resources */ = {isa = PBXBuildFile; fileRef = F2B7147C2A7458E50047B301 /* Poppins-ExtraBoldItalic.ttf */; };
		F2B714A02A7458E50047B301 /* Poppins-ExtraBold.ttf in Resources */ = {isa = PBXBuildFile; fileRef = F2B7147D2A7458E50047B301 /* Poppins-ExtraBold.ttf */; };
		F2B714A12A7458E50047B301 /* Poppins-ExtraBold.ttf in Resources */ = {isa = PBXBuildFile; fileRef = F2B7147D2A7458E50047B301 /* Poppins-ExtraBold.ttf */; };
		F2B714A22A7458E50047B301 /* Poppins-ExtraBold.ttf in Resources */ = {isa = PBXBuildFile; fileRef = F2B7147D2A7458E50047B301 /* Poppins-ExtraBold.ttf */; };
		F2B714A32A7458E50047B301 /* Poppins-BlackItalic.ttf in Resources */ = {isa = PBXBuildFile; fileRef = F2B7147E2A7458E50047B301 /* Poppins-BlackItalic.ttf */; };
		F2B714A42A7458E50047B301 /* Poppins-BlackItalic.ttf in Resources */ = {isa = PBXBuildFile; fileRef = F2B7147E2A7458E50047B301 /* Poppins-BlackItalic.ttf */; };
		F2B714A52A7458E50047B301 /* Poppins-BlackItalic.ttf in Resources */ = {isa = PBXBuildFile; fileRef = F2B7147E2A7458E50047B301 /* Poppins-BlackItalic.ttf */; };
		F2B714A62A7458E50047B301 /* OFL.txt in Resources */ = {isa = PBXBuildFile; fileRef = F2B7147F2A7458E50047B301 /* OFL.txt */; };
		F2B714A72A7458E50047B301 /* OFL.txt in Resources */ = {isa = PBXBuildFile; fileRef = F2B7147F2A7458E50047B301 /* OFL.txt */; };
		F2B714A82A7458E50047B301 /* OFL.txt in Resources */ = {isa = PBXBuildFile; fileRef = F2B7147F2A7458E50047B301 /* OFL.txt */; };
		F2B714A92A7458E50047B301 /* Poppins-Regular.ttf in Resources */ = {isa = PBXBuildFile; fileRef = F2B714802A7458E50047B301 /* Poppins-Regular.ttf */; };
		F2B714AA2A7458E50047B301 /* Poppins-Regular.ttf in Resources */ = {isa = PBXBuildFile; fileRef = F2B714802A7458E50047B301 /* Poppins-Regular.ttf */; };
		F2B714AB2A7458E50047B301 /* Poppins-Regular.ttf in Resources */ = {isa = PBXBuildFile; fileRef = F2B714802A7458E50047B301 /* Poppins-Regular.ttf */; };
		F2B714AC2A7458E50047B301 /* Poppins-LightItalic.ttf in Resources */ = {isa = PBXBuildFile; fileRef = F2B714812A7458E50047B301 /* Poppins-LightItalic.ttf */; };
		F2B714AD2A7458E50047B301 /* Poppins-LightItalic.ttf in Resources */ = {isa = PBXBuildFile; fileRef = F2B714812A7458E50047B301 /* Poppins-LightItalic.ttf */; };
		F2B714AE2A7458E50047B301 /* Poppins-LightItalic.ttf in Resources */ = {isa = PBXBuildFile; fileRef = F2B714812A7458E50047B301 /* Poppins-LightItalic.ttf */; };
		F2B714AF2A7458E50047B301 /* Poppins-Bold.ttf in Resources */ = {isa = PBXBuildFile; fileRef = F2B714822A7458E50047B301 /* Poppins-Bold.ttf */; };
		F2B714B02A7458E50047B301 /* Poppins-Bold.ttf in Resources */ = {isa = PBXBuildFile; fileRef = F2B714822A7458E50047B301 /* Poppins-Bold.ttf */; };
		F2B714B12A7458E50047B301 /* Poppins-Bold.ttf in Resources */ = {isa = PBXBuildFile; fileRef = F2B714822A7458E50047B301 /* Poppins-Bold.ttf */; };
		F2B714B22A7458E50047B301 /* Poppins-Black.ttf in Resources */ = {isa = PBXBuildFile; fileRef = F2B714832A7458E50047B301 /* Poppins-Black.ttf */; };
		F2B714B32A7458E50047B301 /* Poppins-Black.ttf in Resources */ = {isa = PBXBuildFile; fileRef = F2B714832A7458E50047B301 /* Poppins-Black.ttf */; };
		F2B714B42A7458E50047B301 /* Poppins-Black.ttf in Resources */ = {isa = PBXBuildFile; fileRef = F2B714832A7458E50047B301 /* Poppins-Black.ttf */; };
		F2B714B52A7458E50047B301 /* Poppins-Thin.ttf in Resources */ = {isa = PBXBuildFile; fileRef = F2B714842A7458E50047B301 /* Poppins-Thin.ttf */; };
		F2B714B62A7458E50047B301 /* Poppins-Thin.ttf in Resources */ = {isa = PBXBuildFile; fileRef = F2B714842A7458E50047B301 /* Poppins-Thin.ttf */; };
		F2B714B72A7458E50047B301 /* Poppins-Thin.ttf in Resources */ = {isa = PBXBuildFile; fileRef = F2B714842A7458E50047B301 /* Poppins-Thin.ttf */; };
		F2B714B82A7458E50047B301 /* Poppins-SemiBold.ttf in Resources */ = {isa = PBXBuildFile; fileRef = F2B714852A7458E50047B301 /* Poppins-SemiBold.ttf */; };
		F2B714B92A7458E50047B301 /* Poppins-SemiBold.ttf in Resources */ = {isa = PBXBuildFile; fileRef = F2B714852A7458E50047B301 /* Poppins-SemiBold.ttf */; };
		F2B714BA2A7458E50047B301 /* Poppins-SemiBold.ttf in Resources */ = {isa = PBXBuildFile; fileRef = F2B714852A7458E50047B301 /* Poppins-SemiBold.ttf */; };
		F2B714BB2A7458E50047B301 /* Poppins-Italic.ttf in Resources */ = {isa = PBXBuildFile; fileRef = F2B714862A7458E50047B301 /* Poppins-Italic.ttf */; };
		F2B714BC2A7458E50047B301 /* Poppins-Italic.ttf in Resources */ = {isa = PBXBuildFile; fileRef = F2B714862A7458E50047B301 /* Poppins-Italic.ttf */; };
		F2B714BD2A7458E50047B301 /* Poppins-Italic.ttf in Resources */ = {isa = PBXBuildFile; fileRef = F2B714862A7458E50047B301 /* Poppins-Italic.ttf */; };
		F2B714BE2A7458E50047B301 /* Poppins-MediumItalic.ttf in Resources */ = {isa = PBXBuildFile; fileRef = F2B714872A7458E50047B301 /* Poppins-MediumItalic.ttf */; };
		F2B714BF2A7458E50047B301 /* Poppins-MediumItalic.ttf in Resources */ = {isa = PBXBuildFile; fileRef = F2B714872A7458E50047B301 /* Poppins-MediumItalic.ttf */; };
		F2B714C02A7458E50047B301 /* Poppins-MediumItalic.ttf in Resources */ = {isa = PBXBuildFile; fileRef = F2B714872A7458E50047B301 /* Poppins-MediumItalic.ttf */; };
		F2C6060A2A2A918D001B302B /* StartView.swift in Sources */ = {isa = PBXBuildFile; fileRef = F2C606092A2A918D001B302B /* StartView.swift */; };
		F2DB54E12AC6754300AD1504 /* SkillsView.swift in Sources */ = {isa = PBXBuildFile; fileRef = F2DB54E02AC6754300AD1504 /* SkillsView.swift */; };
		F2DB54E32AC677DD00AD1504 /* ScaledImage.swift in Sources */ = {isa = PBXBuildFile; fileRef = F2DB54E22AC677DD00AD1504 /* ScaledImage.swift */; };
		F2DB54E52AC6792600AD1504 /* StabltyIconImage.swift in Sources */ = {isa = PBXBuildFile; fileRef = F2DB54E42AC6792600AD1504 /* StabltyIconImage.swift */; };
		F2DB54E72AC70E9400AD1504 /* Tools.swift in Sources */ = {isa = PBXBuildFile; fileRef = F2DB54E62AC70E9400AD1504 /* Tools.swift */; };
		F2E24AE82A61E55400D6EA30 /* StabltyTabBar.swift in Sources */ = {isa = PBXBuildFile; fileRef = F2E24AE72A61E55400D6EA30 /* StabltyTabBar.swift */; };
		F2EAEBF82A6A96B6007952F2 /* UI.swift in Sources */ = {isa = PBXBuildFile; fileRef = F2EAEBF72A6A96B6007952F2 /* UI.swift */; };
		F2EAEBFA2A6B1C6F007952F2 /* Fonts.swift in Sources */ = {isa = PBXBuildFile; fileRef = F2EAEBF92A6B1C6F007952F2 /* Fonts.swift */; };
/* End PBXBuildFile section */

/* Begin PBXContainerItemProxy section */
		F26AB96C2A1DA438009B41E3 /* PBXContainerItemProxy */ = {
			isa = PBXContainerItemProxy;
			containerPortal = F26AB9522A1DA437009B41E3 /* Project object */;
			proxyType = 1;
			remoteGlobalIDString = F26AB9592A1DA437009B41E3;
			remoteInfo = Stablty;
		};
		F26AB9762A1DA438009B41E3 /* PBXContainerItemProxy */ = {
			isa = PBXContainerItemProxy;
			containerPortal = F26AB9522A1DA437009B41E3 /* Project object */;
			proxyType = 1;
			remoteGlobalIDString = F26AB9592A1DA437009B41E3;
			remoteInfo = Stablty;
		};
/* End PBXContainerItemProxy section */

/* Begin PBXFileReference section */
		F201DF802A251F2400D84C5E /* LoginView.swift */ = {isa = PBXFileReference; lastKnownFileType = sourcecode.swift; path = LoginView.swift; sourceTree = "<group>"; };
		F22FA3B72A96141600734267 /* Stablty.swift */ = {isa = PBXFileReference; lastKnownFileType = sourcecode.swift; path = Stablty.swift; sourceTree = "<group>"; };
		F22FA3BB2A962C9400734267 /* StabltyContent.swift */ = {isa = PBXFileReference; lastKnownFileType = sourcecode.swift; path = StabltyContent.swift; sourceTree = "<group>"; };
		F22FA3BD2A97786F00734267 /* ProgressiveView.swift */ = {isa = PBXFileReference; lastKnownFileType = sourcecode.swift; path = ProgressiveView.swift; sourceTree = "<group>"; };
		F255A8382A3792BE00C73003 /* Errors.swift */ = {isa = PBXFileReference; lastKnownFileType = sourcecode.swift; path = Errors.swift; sourceTree = "<group>"; };
		F26AB95A2A1DA437009B41E3 /* Stablty.app */ = {isa = PBXFileReference; explicitFileType = wrapper.application; includeInIndex = 0; path = Stablty.app; sourceTree = BUILT_PRODUCTS_DIR; };
		F26AB95D2A1DA437009B41E3 /* StabltyApp.swift */ = {isa = PBXFileReference; lastKnownFileType = sourcecode.swift; path = StabltyApp.swift; sourceTree = "<group>"; };
		F26AB95F2A1DA437009B41E3 /* MainView.swift */ = {isa = PBXFileReference; lastKnownFileType = sourcecode.swift; path = MainView.swift; sourceTree = "<group>"; };
		F26AB9612A1DA437009B41E3 /* Assets.xcassets */ = {isa = PBXFileReference; lastKnownFileType = folder.assetcatalog; path = Assets.xcassets; sourceTree = "<group>"; };
		F26AB9632A1DA437009B41E3 /* Stablty.entitlements */ = {isa = PBXFileReference; lastKnownFileType = text.plist.entitlements; path = Stablty.entitlements; sourceTree = "<group>"; };
		F26AB9652A1DA437009B41E3 /* Preview Assets.xcassets */ = {isa = PBXFileReference; lastKnownFileType = folder.assetcatalog; path = "Preview Assets.xcassets"; sourceTree = "<group>"; };
		F26AB96B2A1DA438009B41E3 /* StabltyTests.xctest */ = {isa = PBXFileReference; explicitFileType = wrapper.cfbundle; includeInIndex = 0; path = StabltyTests.xctest; sourceTree = BUILT_PRODUCTS_DIR; };
		F26AB96F2A1DA438009B41E3 /* StabltyTests.swift */ = {isa = PBXFileReference; lastKnownFileType = sourcecode.swift; path = StabltyTests.swift; sourceTree = "<group>"; };
		F26AB9752A1DA438009B41E3 /* StabltyUITests.xctest */ = {isa = PBXFileReference; explicitFileType = wrapper.cfbundle; includeInIndex = 0; path = StabltyUITests.xctest; sourceTree = BUILT_PRODUCTS_DIR; };
		F26AB9792A1DA438009B41E3 /* StabltyUITests.swift */ = {isa = PBXFileReference; lastKnownFileType = sourcecode.swift; path = StabltyUITests.swift; sourceTree = "<group>"; };
		F26AB97B2A1DA438009B41E3 /* StabltyUITestsLaunchTests.swift */ = {isa = PBXFileReference; lastKnownFileType = sourcecode.swift; path = StabltyUITestsLaunchTests.swift; sourceTree = "<group>"; };
		F26AB98C2A1E68CF009B41E3 /* GoogleService-Info.plist */ = {isa = PBXFileReference; fileEncoding = 4; lastKnownFileType = text.plist.xml; path = "GoogleService-Info.plist"; sourceTree = "<group>"; };
		F26AB9A02A1E7245009B41E3 /* StabltyAppCheckProviderFactory.swift */ = {isa = PBXFileReference; lastKnownFileType = sourcecode.swift; path = StabltyAppCheckProviderFactory.swift; sourceTree = "<group>"; };
		F2726C362A8BD4DC005B788E /* ImageAndTextButton.swift */ = {isa = PBXFileReference; lastKnownFileType = sourcecode.swift; name = ImageAndTextButton.swift; path = "Stablty/General UI/ImageAndTextButton.swift"; sourceTree = SOURCE_ROOT; };
		F28133232A93D0A1000AE451 /* UnnamedView1.swift */ = {isa = PBXFileReference; lastKnownFileType = sourcecode.swift; path = UnnamedView1.swift; sourceTree = "<group>"; };
		F28AB8A12A254DB9002D9870 /* LoginModel.swift */ = {isa = PBXFileReference; lastKnownFileType = sourcecode.swift; path = LoginModel.swift; sourceTree = "<group>"; };
		F28D9E3E2A5EBBA2002BFA64 /* HomeView.swift */ = {isa = PBXFileReference; lastKnownFileType = sourcecode.swift; path = HomeView.swift; sourceTree = "<group>"; };
		F28D9E402A5EBC36002BFA64 /* If.swift */ = {isa = PBXFileReference; lastKnownFileType = sourcecode.swift; path = If.swift; sourceTree = "<group>"; };
		F29552E62ABA486800439B13 /* DescribedImageNavigationLink.swift */ = {isa = PBXFileReference; fileEncoding = 4; lastKnownFileType = sourcecode.swift; path = DescribedImageNavigationLink.swift; sourceTree = "<group>"; };
		F2B1B7922A2EE8C6000CDC93 /* JWT.swift */ = {isa = PBXFileReference; lastKnownFileType = sourcecode.swift; path = JWT.swift; sourceTree = "<group>"; };
		F2B1B7942A2EE984000CDC93 /* PreferencesView.swift */ = {isa = PBXFileReference; lastKnownFileType = sourcecode.swift; path = PreferencesView.swift; sourceTree = "<group>"; };
		F2B1B7962A2EF2EC000CDC93 /* Crypto.swift */ = {isa = PBXFileReference; lastKnownFileType = sourcecode.swift; path = Crypto.swift; sourceTree = "<group>"; };
		F2B1B7982A2EF358000CDC93 /* SettingsModel.swift */ = {isa = PBXFileReference; lastKnownFileType = sourcecode.swift; path = SettingsModel.swift; sourceTree = "<group>"; };
		F2B714752A7458E50047B301 /* Poppins-ExtraLight.ttf */ = {isa = PBXFileReference; lastKnownFileType = file; path = "Poppins-ExtraLight.ttf"; sourceTree = "<group>"; };
		F2B714762A7458E50047B301 /* Poppins-ThinItalic.ttf */ = {isa = PBXFileReference; lastKnownFileType = file; path = "Poppins-ThinItalic.ttf"; sourceTree = "<group>"; };
		F2B714772A7458E50047B301 /* Poppins-ExtraLightItalic.ttf */ = {isa = PBXFileReference; lastKnownFileType = file; path = "Poppins-ExtraLightItalic.ttf"; sourceTree = "<group>"; };
		F2B714782A7458E50047B301 /* Poppins-BoldItalic.ttf */ = {isa = PBXFileReference; lastKnownFileType = file; path = "Poppins-BoldItalic.ttf"; sourceTree = "<group>"; };
		F2B714792A7458E50047B301 /* Poppins-Light.ttf */ = {isa = PBXFileReference; lastKnownFileType = file; path = "Poppins-Light.ttf"; sourceTree = "<group>"; };
		F2B7147A2A7458E50047B301 /* Poppins-Medium.ttf */ = {isa = PBXFileReference; lastKnownFileType = file; path = "Poppins-Medium.ttf"; sourceTree = "<group>"; };
		F2B7147B2A7458E50047B301 /* Poppins-SemiBoldItalic.ttf */ = {isa = PBXFileReference; lastKnownFileType = file; path = "Poppins-SemiBoldItalic.ttf"; sourceTree = "<group>"; };
		F2B7147C2A7458E50047B301 /* Poppins-ExtraBoldItalic.ttf */ = {isa = PBXFileReference; lastKnownFileType = file; path = "Poppins-ExtraBoldItalic.ttf"; sourceTree = "<group>"; };
		F2B7147D2A7458E50047B301 /* Poppins-ExtraBold.ttf */ = {isa = PBXFileReference; lastKnownFileType = file; path = "Poppins-ExtraBold.ttf"; sourceTree = "<group>"; };
		F2B7147E2A7458E50047B301 /* Poppins-BlackItalic.ttf */ = {isa = PBXFileReference; lastKnownFileType = file; path = "Poppins-BlackItalic.ttf"; sourceTree = "<group>"; };
		F2B7147F2A7458E50047B301 /* OFL.txt */ = {isa = PBXFileReference; fileEncoding = 4; lastKnownFileType = text; path = OFL.txt; sourceTree = "<group>"; };
		F2B714802A7458E50047B301 /* Poppins-Regular.ttf */ = {isa = PBXFileReference; lastKnownFileType = file; path = "Poppins-Regular.ttf"; sourceTree = "<group>"; };
		F2B714812A7458E50047B301 /* Poppins-LightItalic.ttf */ = {isa = PBXFileReference; lastKnownFileType = file; path = "Poppins-LightItalic.ttf"; sourceTree = "<group>"; };
		F2B714822A7458E50047B301 /* Poppins-Bold.ttf */ = {isa = PBXFileReference; lastKnownFileType = file; path = "Poppins-Bold.ttf"; sourceTree = "<group>"; };
		F2B714832A7458E50047B301 /* Poppins-Black.ttf */ = {isa = PBXFileReference; lastKnownFileType = file; path = "Poppins-Black.ttf"; sourceTree = "<group>"; };
		F2B714842A7458E50047B301 /* Poppins-Thin.ttf */ = {isa = PBXFileReference; lastKnownFileType = file; path = "Poppins-Thin.ttf"; sourceTree = "<group>"; };
		F2B714852A7458E50047B301 /* Poppins-SemiBold.ttf */ = {isa = PBXFileReference; lastKnownFileType = file; path = "Poppins-SemiBold.ttf"; sourceTree = "<group>"; };
		F2B714862A7458E50047B301 /* Poppins-Italic.ttf */ = {isa = PBXFileReference; lastKnownFileType = file; path = "Poppins-Italic.ttf"; sourceTree = "<group>"; };
		F2B714872A7458E50047B301 /* Poppins-MediumItalic.ttf */ = {isa = PBXFileReference; lastKnownFileType = file; path = "Poppins-MediumItalic.ttf"; sourceTree = "<group>"; };
		F2C606092A2A918D001B302B /* StartView.swift */ = {isa = PBXFileReference; lastKnownFileType = sourcecode.swift; path = StartView.swift; sourceTree = "<group>"; };
		F2DB54E02AC6754300AD1504 /* SkillsView.swift */ = {isa = PBXFileReference; lastKnownFileType = sourcecode.swift; path = SkillsView.swift; sourceTree = "<group>"; };
		F2DB54E22AC677DD00AD1504 /* ScaledImage.swift */ = {isa = PBXFileReference; lastKnownFileType = sourcecode.swift; path = ScaledImage.swift; sourceTree = "<group>"; };
		F2DB54E42AC6792600AD1504 /* StabltyIconImage.swift */ = {isa = PBXFileReference; lastKnownFileType = sourcecode.swift; path = StabltyIconImage.swift; sourceTree = "<group>"; };
		F2DB54E62AC70E9400AD1504 /* Tools.swift */ = {isa = PBXFileReference; lastKnownFileType = sourcecode.swift; path = Tools.swift; sourceTree = "<group>"; };
		F2E24AE72A61E55400D6EA30 /* StabltyTabBar.swift */ = {isa = PBXFileReference; lastKnownFileType = sourcecode.swift; path = StabltyTabBar.swift; sourceTree = "<group>"; };
		F2EAEBF72A6A96B6007952F2 /* UI.swift */ = {isa = PBXFileReference; lastKnownFileType = sourcecode.swift; path = UI.swift; sourceTree = "<group>"; };
		F2EAEBF92A6B1C6F007952F2 /* Fonts.swift */ = {isa = PBXFileReference; lastKnownFileType = sourcecode.swift; path = Fonts.swift; sourceTree = "<group>"; };
		F2EAEC4B2A6B1F2A007952F2 /* Info.plist */ = {isa = PBXFileReference; lastKnownFileType = text.plist; path = Info.plist; sourceTree = "<group>"; };
/* End PBXFileReference section */

/* Begin PBXFrameworksBuildPhase section */
		F26AB9572A1DA437009B41E3 /* Frameworks */ = {
			isa = PBXFrameworksBuildPhase;
			buildActionMask = 2147483647;
			files = (
				F26AB9942A1E696B009B41E3 /* FirebaseAnalyticsSwift in Frameworks */,
				F26AB99E2A1E696B009B41E3 /* FirebaseFunctions in Frameworks */,
				F26AB9962A1E696B009B41E3 /* FirebaseAppCheck in Frameworks */,
				F26AB9922A1E696B009B41E3 /* FirebaseAnalytics in Frameworks */,
				F26AB99A2A1E696B009B41E3 /* FirebaseFirestore in Frameworks */,
				F26AB9982A1E696B009B41E3 /* FirebaseAuth in Frameworks */,
				F26AB99C2A1E696B009B41E3 /* FirebaseFirestoreSwift in Frameworks */,
			);
			runOnlyForDeploymentPostprocessing = 0;
		};
		F26AB9682A1DA438009B41E3 /* Frameworks */ = {
			isa = PBXFrameworksBuildPhase;
			buildActionMask = 2147483647;
			files = (
			);
			runOnlyForDeploymentPostprocessing = 0;
		};
		F26AB9722A1DA438009B41E3 /* Frameworks */ = {
			isa = PBXFrameworksBuildPhase;
			buildActionMask = 2147483647;
			files = (
			);
			runOnlyForDeploymentPostprocessing = 0;
		};
/* End PBXFrameworksBuildPhase section */

/* Begin PBXGroup section */
		F26AB9512A1DA437009B41E3 = {
			isa = PBXGroup;
			children = (
				F26AB95C2A1DA437009B41E3 /* Stablty */,
				F26AB96E2A1DA438009B41E3 /* StabltyTests */,
				F26AB9782A1DA438009B41E3 /* StabltyUITests */,
				F26AB95B2A1DA437009B41E3 /* Products */,
			);
			sourceTree = "<group>";
		};
		F26AB95B2A1DA437009B41E3 /* Products */ = {
			isa = PBXGroup;
			children = (
				F26AB95A2A1DA437009B41E3 /* Stablty.app */,
				F26AB96B2A1DA438009B41E3 /* StabltyTests.xctest */,
				F26AB9752A1DA438009B41E3 /* StabltyUITests.xctest */,
			);
			name = Products;
			sourceTree = "<group>";
		};
		F26AB95C2A1DA437009B41E3 /* Stablty */ = {
			isa = PBXGroup;
			children = (
				F2EAEC4B2A6B1F2A007952F2 /* Info.plist */,
				F26AB95D2A1DA437009B41E3 /* StabltyApp.swift */,
				F2726C352A8BD480005B788E /* General UI */,
				F2E24AE62A61E54100D6EA30 /* Stablty UI */,
				F2B1B7912A2EE8B8000CDC93 /* Tools */,
				F2796A802A1E83CB0083E3E9 /* VM */,
				F26AB99F2A1E7233009B41E3 /* Structure */,
				F26AB9612A1DA437009B41E3 /* Assets.xcassets */,
				F2EAEBFB2A6B1E48007952F2 /* Fonts */,
				F26AB9632A1DA437009B41E3 /* Stablty.entitlements */,
				F26AB98C2A1E68CF009B41E3 /* GoogleService-Info.plist */,
				F26AB9642A1DA437009B41E3 /* Preview Content */,
			);
			path = Stablty;
			sourceTree = "<group>";
		};
		F26AB9642A1DA437009B41E3 /* Preview Content */ = {
			isa = PBXGroup;
			children = (
				F26AB9652A1DA437009B41E3 /* Preview Assets.xcassets */,
			);
			path = "Preview Content";
			sourceTree = "<group>";
		};
		F26AB96E2A1DA438009B41E3 /* StabltyTests */ = {
			isa = PBXGroup;
			children = (
				F26AB96F2A1DA438009B41E3 /* StabltyTests.swift */,
			);
			path = StabltyTests;
			sourceTree = "<group>";
		};
		F26AB9782A1DA438009B41E3 /* StabltyUITests */ = {
			isa = PBXGroup;
			children = (
				F26AB9792A1DA438009B41E3 /* StabltyUITests.swift */,
				F26AB97B2A1DA438009B41E3 /* StabltyUITestsLaunchTests.swift */,
			);
			path = StabltyUITests;
			sourceTree = "<group>";
		};
		F26AB99F2A1E7233009B41E3 /* Structure */ = {
			isa = PBXGroup;
			children = (
				F26AB9A02A1E7245009B41E3 /* StabltyAppCheckProviderFactory.swift */,
				F22FA3B72A96141600734267 /* Stablty.swift */,
				F22FA3BB2A962C9400734267 /* StabltyContent.swift */,
				F255A8382A3792BE00C73003 /* Errors.swift */,
			);
			path = Structure;
			sourceTree = "<group>";
		};
		F2726C352A8BD480005B788E /* General UI */ = {
			isa = PBXGroup;
			children = (
				F2DB54E22AC677DD00AD1504 /* ScaledImage.swift */,
				F2DB54E62AC70E9400AD1504 /* Tools.swift */,
			);
			path = "General UI";
			sourceTree = "<group>";
		};
		F2796A802A1E83CB0083E3E9 /* VM */ = {
			isa = PBXGroup;
			children = (
				F28AB8A02A254DB0002D9870 /* Models */,
				F28AB89F2A254DA8002D9870 /* Views */,
			);
			path = VM;
			sourceTree = "<group>";
		};
		F28AB89F2A254DA8002D9870 /* Views */ = {
			isa = PBXGroup;
			children = (
				F2726C362A8BD4DC005B788E /* ImageAndTextButton.swift */,
				F26AB95F2A1DA437009B41E3 /* MainView.swift */,
				F29552E62ABA486800439B13 /* DescribedImageNavigationLink.swift */,
				F28D9E3E2A5EBBA2002BFA64 /* HomeView.swift */,
				F2DB54E02AC6754300AD1504 /* SkillsView.swift */,
				F28133232A93D0A1000AE451 /* UnnamedView1.swift */,
				F22FA3BD2A97786F00734267 /* ProgressiveView.swift */,
				F2B1B7942A2EE984000CDC93 /* PreferencesView.swift */,
				F2C606092A2A918D001B302B /* StartView.swift */,
				F201DF802A251F2400D84C5E /* LoginView.swift */,
			);
			path = Views;
			sourceTree = "<group>";
		};
		F28AB8A02A254DB0002D9870 /* Models */ = {
			isa = PBXGroup;
			children = (
				F28AB8A12A254DB9002D9870 /* LoginModel.swift */,
				F2B1B7982A2EF358000CDC93 /* SettingsModel.swift */,
			);
			path = Models;
			sourceTree = "<group>";
		};
		F2B1B7912A2EE8B8000CDC93 /* Tools */ = {
			isa = PBXGroup;
			children = (
				F2B1B7922A2EE8C6000CDC93 /* JWT.swift */,
				F2B1B7962A2EF2EC000CDC93 /* Crypto.swift */,
				F28D9E402A5EBC36002BFA64 /* If.swift */,
			);
			path = Tools;
			sourceTree = "<group>";
		};
		F2B714742A7458E50047B301 /* Poppins */ = {
			isa = PBXGroup;
			children = (
				F2B714752A7458E50047B301 /* Poppins-ExtraLight.ttf */,
				F2B714762A7458E50047B301 /* Poppins-ThinItalic.ttf */,
				F2B714772A7458E50047B301 /* Poppins-ExtraLightItalic.ttf */,
				F2B714782A7458E50047B301 /* Poppins-BoldItalic.ttf */,
				F2B714792A7458E50047B301 /* Poppins-Light.ttf */,
				F2B7147A2A7458E50047B301 /* Poppins-Medium.ttf */,
				F2B7147B2A7458E50047B301 /* Poppins-SemiBoldItalic.ttf */,
				F2B7147C2A7458E50047B301 /* Poppins-ExtraBoldItalic.ttf */,
				F2B7147D2A7458E50047B301 /* Poppins-ExtraBold.ttf */,
				F2B7147E2A7458E50047B301 /* Poppins-BlackItalic.ttf */,
				F2B7147F2A7458E50047B301 /* OFL.txt */,
				F2B714802A7458E50047B301 /* Poppins-Regular.ttf */,
				F2B714812A7458E50047B301 /* Poppins-LightItalic.ttf */,
				F2B714822A7458E50047B301 /* Poppins-Bold.ttf */,
				F2B714832A7458E50047B301 /* Poppins-Black.ttf */,
				F2B714842A7458E50047B301 /* Poppins-Thin.ttf */,
				F2B714852A7458E50047B301 /* Poppins-SemiBold.ttf */,
				F2B714862A7458E50047B301 /* Poppins-Italic.ttf */,
				F2B714872A7458E50047B301 /* Poppins-MediumItalic.ttf */,
			);
			name = Poppins;
			path = ../../../../../Downloads/Poppins;
			sourceTree = "<group>";
		};
		F2E24AE62A61E54100D6EA30 /* Stablty UI */ = {
			isa = PBXGroup;
			children = (
				F2E24AE72A61E55400D6EA30 /* StabltyTabBar.swift */,
				F2DB54E42AC6792600AD1504 /* StabltyIconImage.swift */,
				F2EAEBF72A6A96B6007952F2 /* UI.swift */,
				F2EAEBF92A6B1C6F007952F2 /* Fonts.swift */,
			);
			path = "Stablty UI";
			sourceTree = "<group>";
		};
		F2EAEBFB2A6B1E48007952F2 /* Fonts */ = {
			isa = PBXGroup;
			children = (
				F2B714742A7458E50047B301 /* Poppins */,
			);
			path = Fonts;
			sourceTree = "<group>";
		};
/* End PBXGroup section */

/* Begin PBXNativeTarget section */
		F26AB9592A1DA437009B41E3 /* Stablty */ = {
			isa = PBXNativeTarget;
			buildConfigurationList = F26AB97F2A1DA438009B41E3 /* Build configuration list for PBXNativeTarget "Stablty" */;
			buildPhases = (
				F26AB9562A1DA437009B41E3 /* Sources */,
				F26AB9572A1DA437009B41E3 /* Frameworks */,
				F26AB9582A1DA437009B41E3 /* Resources */,
			);
			buildRules = (
			);
			dependencies = (
			);
			name = Stablty;
			packageProductDependencies = (
				F26AB9912A1E696B009B41E3 /* FirebaseAnalytics */,
				F26AB9932A1E696B009B41E3 /* FirebaseAnalyticsSwift */,
				F26AB9952A1E696B009B41E3 /* FirebaseAppCheck */,
				F26AB9972A1E696B009B41E3 /* FirebaseAuth */,
				F26AB9992A1E696B009B41E3 /* FirebaseFirestore */,
				F26AB99B2A1E696B009B41E3 /* FirebaseFirestoreSwift */,
				F26AB99D2A1E696B009B41E3 /* FirebaseFunctions */,
			);
			productName = Stablty;
			productReference = F26AB95A2A1DA437009B41E3 /* Stablty.app */;
			productType = "com.apple.product-type.application";
		};
		F26AB96A2A1DA438009B41E3 /* StabltyTests */ = {
			isa = PBXNativeTarget;
			buildConfigurationList = F26AB9822A1DA438009B41E3 /* Build configuration list for PBXNativeTarget "StabltyTests" */;
			buildPhases = (
				F26AB9672A1DA438009B41E3 /* Sources */,
				F26AB9682A1DA438009B41E3 /* Frameworks */,
				F26AB9692A1DA438009B41E3 /* Resources */,
			);
			buildRules = (
			);
			dependencies = (
				F26AB96D2A1DA438009B41E3 /* PBXTargetDependency */,
			);
			name = StabltyTests;
			productName = StabltyTests;
			productReference = F26AB96B2A1DA438009B41E3 /* StabltyTests.xctest */;
			productType = "com.apple.product-type.bundle.unit-test";
		};
		F26AB9742A1DA438009B41E3 /* StabltyUITests */ = {
			isa = PBXNativeTarget;
			buildConfigurationList = F26AB9852A1DA438009B41E3 /* Build configuration list for PBXNativeTarget "StabltyUITests" */;
			buildPhases = (
				F26AB9712A1DA438009B41E3 /* Sources */,
				F26AB9722A1DA438009B41E3 /* Frameworks */,
				F26AB9732A1DA438009B41E3 /* Resources */,
			);
			buildRules = (
			);
			dependencies = (
				F26AB9772A1DA438009B41E3 /* PBXTargetDependency */,
			);
			name = StabltyUITests;
			productName = StabltyUITests;
			productReference = F26AB9752A1DA438009B41E3 /* StabltyUITests.xctest */;
			productType = "com.apple.product-type.bundle.ui-testing";
		};
/* End PBXNativeTarget section */

/* Begin PBXProject section */
		F26AB9522A1DA437009B41E3 /* Project object */ = {
			isa = PBXProject;
			attributes = {
				BuildIndependentTargetsInParallel = 1;
				LastSwiftUpdateCheck = 1430;
				LastUpgradeCheck = 1430;
				TargetAttributes = {
					F26AB9592A1DA437009B41E3 = {
						CreatedOnToolsVersion = 14.3;
					};
					F26AB96A2A1DA438009B41E3 = {
						CreatedOnToolsVersion = 14.3;
						TestTargetID = F26AB9592A1DA437009B41E3;
					};
					F26AB9742A1DA438009B41E3 = {
						CreatedOnToolsVersion = 14.3;
						TestTargetID = F26AB9592A1DA437009B41E3;
					};
				};
			};
			buildConfigurationList = F26AB9552A1DA437009B41E3 /* Build configuration list for PBXProject "Stablty" */;
			compatibilityVersion = "Xcode 14.0";
			developmentRegion = en;
			hasScannedForEncodings = 0;
			knownRegions = (
				en,
				Base,
			);
			mainGroup = F26AB9512A1DA437009B41E3;
			packageReferences = (
				F26AB9902A1E696B009B41E3 /* XCRemoteSwiftPackageReference "firebase-ios-sdk" */,
			);
			productRefGroup = F26AB95B2A1DA437009B41E3 /* Products */;
			projectDirPath = "";
			projectRoot = "";
			targets = (
				F26AB9592A1DA437009B41E3 /* Stablty */,
				F26AB96A2A1DA438009B41E3 /* StabltyTests */,
				F26AB9742A1DA438009B41E3 /* StabltyUITests */,
			);
		};
/* End PBXProject section */

/* Begin PBXResourcesBuildPhase section */
		F26AB9582A1DA437009B41E3 /* Resources */ = {
			isa = PBXResourcesBuildPhase;
			buildActionMask = 2147483647;
			files = (
				F2B714B52A7458E50047B301 /* Poppins-Thin.ttf in Resources */,
				F2B714BE2A7458E50047B301 /* Poppins-MediumItalic.ttf in Resources */,
				F2B714A62A7458E50047B301 /* OFL.txt in Resources */,
				F2B7148E2A7458E50047B301 /* Poppins-ExtraLightItalic.ttf in Resources */,
				F2B714A32A7458E50047B301 /* Poppins-BlackItalic.ttf in Resources */,
				F2B714882A7458E50047B301 /* Poppins-ExtraLight.ttf in Resources */,
				F2B714B82A7458E50047B301 /* Poppins-SemiBold.ttf in Resources */,
				F2B714912A7458E50047B301 /* Poppins-BoldItalic.ttf in Resources */,
				F2B714942A7458E50047B301 /* Poppins-Light.ttf in Resources */,
				F2B714B22A7458E50047B301 /* Poppins-Black.ttf in Resources */,
				F2B714BB2A7458E50047B301 /* Poppins-Italic.ttf in Resources */,
				F2B714A02A7458E50047B301 /* Poppins-ExtraBold.ttf in Resources */,
				F2B714AC2A7458E50047B301 /* Poppins-LightItalic.ttf in Resources */,
				F26AB9662A1DA437009B41E3 /* Preview Assets.xcassets in Resources */,
				F2B7149A2A7458E50047B301 /* Poppins-SemiBoldItalic.ttf in Resources */,
				F2B714A92A7458E50047B301 /* Poppins-Regular.ttf in Resources */,
				F2B7149D2A7458E50047B301 /* Poppins-ExtraBoldItalic.ttf in Resources */,
				F2B714AF2A7458E50047B301 /* Poppins-Bold.ttf in Resources */,
				F2B7148B2A7458E50047B301 /* Poppins-ThinItalic.ttf in Resources */,
				F2B714972A7458E50047B301 /* Poppins-Medium.ttf in Resources */,
				F26AB9622A1DA437009B41E3 /* Assets.xcassets in Resources */,
				F26AB98D2A1E68CF009B41E3 /* GoogleService-Info.plist in Resources */,
			);
			runOnlyForDeploymentPostprocessing = 0;
		};
		F26AB9692A1DA438009B41E3 /* Resources */ = {
			isa = PBXResourcesBuildPhase;
			buildActionMask = 2147483647;
			files = (
				F2B714B32A7458E50047B301 /* Poppins-Black.ttf in Resources */,
				F2B7148F2A7458E50047B301 /* Poppins-ExtraLightItalic.ttf in Resources */,
				F2B7149B2A7458E50047B301 /* Poppins-SemiBoldItalic.ttf in Resources */,
				F2B714B62A7458E50047B301 /* Poppins-Thin.ttf in Resources */,
				F2B714BC2A7458E50047B301 /* Poppins-Italic.ttf in Resources */,
				F2B714AA2A7458E50047B301 /* Poppins-Regular.ttf in Resources */,
				F2B714982A7458E50047B301 /* Poppins-Medium.ttf in Resources */,
				F2B7149E2A7458E50047B301 /* Poppins-ExtraBoldItalic.ttf in Resources */,
				F2B714952A7458E50047B301 /* Poppins-Light.ttf in Resources */,
				F2B714BF2A7458E50047B301 /* Poppins-MediumItalic.ttf in Resources */,
				F2B7148C2A7458E50047B301 /* Poppins-ThinItalic.ttf in Resources */,
				F2B714B02A7458E50047B301 /* Poppins-Bold.ttf in Resources */,
				F2B714A72A7458E50047B301 /* OFL.txt in Resources */,
				F2B714A12A7458E50047B301 /* Poppins-ExtraBold.ttf in Resources */,
				F2B714AD2A7458E50047B301 /* Poppins-LightItalic.ttf in Resources */,
				F2B714892A7458E50047B301 /* Poppins-ExtraLight.ttf in Resources */,
				F26AB98E2A1E68CF009B41E3 /* GoogleService-Info.plist in Resources */,
				F2B714B92A7458E50047B301 /* Poppins-SemiBold.ttf in Resources */,
				F2B714922A7458E50047B301 /* Poppins-BoldItalic.ttf in Resources */,
				F2B714A42A7458E50047B301 /* Poppins-BlackItalic.ttf in Resources */,
			);
			runOnlyForDeploymentPostprocessing = 0;
		};
		F26AB9732A1DA438009B41E3 /* Resources */ = {
			isa = PBXResourcesBuildPhase;
			buildActionMask = 2147483647;
			files = (
				F2B714B42A7458E50047B301 /* Poppins-Black.ttf in Resources */,
				F2B714902A7458E50047B301 /* Poppins-ExtraLightItalic.ttf in Resources */,
				F2B7149C2A7458E50047B301 /* Poppins-SemiBoldItalic.ttf in Resources */,
				F2B714B72A7458E50047B301 /* Poppins-Thin.ttf in Resources */,
				F2B714BD2A7458E50047B301 /* Poppins-Italic.ttf in Resources */,
				F2B714AB2A7458E50047B301 /* Poppins-Regular.ttf in Resources */,
				F2B714992A7458E50047B301 /* Poppins-Medium.ttf in Resources */,
				F2B7149F2A7458E50047B301 /* Poppins-ExtraBoldItalic.ttf in Resources */,
				F2B714962A7458E50047B301 /* Poppins-Light.ttf in Resources */,
				F2B714C02A7458E50047B301 /* Poppins-MediumItalic.ttf in Resources */,
				F2B7148D2A7458E50047B301 /* Poppins-ThinItalic.ttf in Resources */,
				F2B714B12A7458E50047B301 /* Poppins-Bold.ttf in Resources */,
				F2B714A82A7458E50047B301 /* OFL.txt in Resources */,
				F2B714A22A7458E50047B301 /* Poppins-ExtraBold.ttf in Resources */,
				F2B714AE2A7458E50047B301 /* Poppins-LightItalic.ttf in Resources */,
				F2B7148A2A7458E50047B301 /* Poppins-ExtraLight.ttf in Resources */,
				F26AB98F2A1E68CF009B41E3 /* GoogleService-Info.plist in Resources */,
				F2B714BA2A7458E50047B301 /* Poppins-SemiBold.ttf in Resources */,
				F2B714932A7458E50047B301 /* Poppins-BoldItalic.ttf in Resources */,
				F2B714A52A7458E50047B301 /* Poppins-BlackItalic.ttf in Resources */,
			);
			runOnlyForDeploymentPostprocessing = 0;
		};
/* End PBXResourcesBuildPhase section */

/* Begin PBXSourcesBuildPhase section */
		F26AB9562A1DA437009B41E3 /* Sources */ = {
			isa = PBXSourcesBuildPhase;
			buildActionMask = 2147483647;
			files = (
				F2726C372A8BD4DC005B788E /* ImageAndTextButton.swift in Sources */,
				F2EAEBFA2A6B1C6F007952F2 /* Fonts.swift in Sources */,
				F26AB9602A1DA437009B41E3 /* MainView.swift in Sources */,
				F2DB54E52AC6792600AD1504 /* StabltyIconImage.swift in Sources */,
				F22FA3BC2A962C9400734267 /* StabltyContent.swift in Sources */,
				F22FA3B82A96141600734267 /* Stablty.swift in Sources */,
				F2B1B7952A2EE984000CDC93 /* PreferencesView.swift in Sources */,
				F28133242A93D0A1000AE451 /* UnnamedView1.swift in Sources */,
				F28AB8A22A254DB9002D9870 /* LoginModel.swift in Sources */,
				F2B1B7972A2EF2EC000CDC93 /* Crypto.swift in Sources */,
				F29552E72ABA486900439B13 /* DescribedImageNavigationLink.swift in Sources */,
				F2B1B7932A2EE8C6000CDC93 /* JWT.swift in Sources */,
				F2DB54E32AC677DD00AD1504 /* ScaledImage.swift in Sources */,
				F2DB54E72AC70E9400AD1504 /* Tools.swift in Sources */,
				F201DF812A251F2400D84C5E /* LoginView.swift in Sources */,
				F2B1B7992A2EF358000CDC93 /* SettingsModel.swift in Sources */,
				F2DB54E12AC6754300AD1504 /* SkillsView.swift in Sources */,
				F255A8392A3792BE00C73003 /* Errors.swift in Sources */,
				F22FA3BE2A97786F00734267 /* ProgressiveView.swift in Sources */,
				F2EAEBF82A6A96B6007952F2 /* UI.swift in Sources */,
				F26AB9A12A1E7245009B41E3 /* StabltyAppCheckProviderFactory.swift in Sources */,
				F28D9E412A5EBC36002BFA64 /* If.swift in Sources */,
				F2E24AE82A61E55400D6EA30 /* StabltyTabBar.swift in Sources */,
				F28D9E3F2A5EBBA2002BFA64 /* HomeView.swift in Sources */,
				F26AB95E2A1DA437009B41E3 /* StabltyApp.swift in Sources */,
				F2C6060A2A2A918D001B302B /* StartView.swift in Sources */,
			);
			runOnlyForDeploymentPostprocessing = 0;
		};
		F26AB9672A1DA438009B41E3 /* Sources */ = {
			isa = PBXSourcesBuildPhase;
			buildActionMask = 2147483647;
			files = (
				F26AB9702A1DA438009B41E3 /* StabltyTests.swift in Sources */,
				F26AB9A22A1E7245009B41E3 /* StabltyAppCheckProviderFactory.swift in Sources */,
			);
			runOnlyForDeploymentPostprocessing = 0;
		};
		F26AB9712A1DA438009B41E3 /* Sources */ = {
			isa = PBXSourcesBuildPhase;
			buildActionMask = 2147483647;
			files = (
				F26AB97C2A1DA438009B41E3 /* StabltyUITestsLaunchTests.swift in Sources */,
				F26AB9A32A1E7245009B41E3 /* StabltyAppCheckProviderFactory.swift in Sources */,
				F26AB97A2A1DA438009B41E3 /* StabltyUITests.swift in Sources */,
			);
			runOnlyForDeploymentPostprocessing = 0;
		};
/* End PBXSourcesBuildPhase section */

/* Begin PBXTargetDependency section */
		F26AB96D2A1DA438009B41E3 /* PBXTargetDependency */ = {
			isa = PBXTargetDependency;
			target = F26AB9592A1DA437009B41E3 /* Stablty */;
			targetProxy = F26AB96C2A1DA438009B41E3 /* PBXContainerItemProxy */;
		};
		F26AB9772A1DA438009B41E3 /* PBXTargetDependency */ = {
			isa = PBXTargetDependency;
			target = F26AB9592A1DA437009B41E3 /* Stablty */;
			targetProxy = F26AB9762A1DA438009B41E3 /* PBXContainerItemProxy */;
		};
/* End PBXTargetDependency section */

/* Begin XCBuildConfiguration section */
		F26AB97D2A1DA438009B41E3 /* Debug */ = {
			isa = XCBuildConfiguration;
			buildSettings = {
				ALWAYS_SEARCH_USER_PATHS = NO;
				CLANG_ANALYZER_NONNULL = YES;
				CLANG_ANALYZER_NUMBER_OBJECT_CONVERSION = YES_AGGRESSIVE;
				CLANG_CXX_LANGUAGE_STANDARD = "gnu++20";
				CLANG_ENABLE_MODULES = YES;
				CLANG_ENABLE_OBJC_ARC = YES;
				CLANG_ENABLE_OBJC_WEAK = YES;
				CLANG_WARN_BLOCK_CAPTURE_AUTORELEASING = YES;
				CLANG_WARN_BOOL_CONVERSION = YES;
				CLANG_WARN_COMMA = YES;
				CLANG_WARN_CONSTANT_CONVERSION = YES;
				CLANG_WARN_DEPRECATED_OBJC_IMPLEMENTATIONS = YES;
				CLANG_WARN_DIRECT_OBJC_ISA_USAGE = YES_ERROR;
				CLANG_WARN_DOCUMENTATION_COMMENTS = YES;
				CLANG_WARN_EMPTY_BODY = YES;
				CLANG_WARN_ENUM_CONVERSION = YES;
				CLANG_WARN_INFINITE_RECURSION = YES;
				CLANG_WARN_INT_CONVERSION = YES;
				CLANG_WARN_NON_LITERAL_NULL_CONVERSION = YES;
				CLANG_WARN_OBJC_IMPLICIT_RETAIN_SELF = YES;
				CLANG_WARN_OBJC_LITERAL_CONVERSION = YES;
				CLANG_WARN_OBJC_ROOT_CLASS = YES_ERROR;
				CLANG_WARN_QUOTED_INCLUDE_IN_FRAMEWORK_HEADER = YES;
				CLANG_WARN_RANGE_LOOP_ANALYSIS = YES;
				CLANG_WARN_STRICT_PROTOTYPES = YES;
				CLANG_WARN_SUSPICIOUS_MOVE = YES;
				CLANG_WARN_UNGUARDED_AVAILABILITY = YES_AGGRESSIVE;
				CLANG_WARN_UNREACHABLE_CODE = YES;
				CLANG_WARN__DUPLICATE_METHOD_MATCH = YES;
				COPY_PHASE_STRIP = NO;
				DEBUG_INFORMATION_FORMAT = dwarf;
				ENABLE_STRICT_OBJC_MSGSEND = YES;
				ENABLE_TESTABILITY = YES;
				GCC_C_LANGUAGE_STANDARD = gnu11;
				GCC_DYNAMIC_NO_PIC = NO;
				GCC_NO_COMMON_BLOCKS = YES;
				GCC_OPTIMIZATION_LEVEL = 0;
				GCC_PREPROCESSOR_DEFINITIONS = (
					"DEBUG=1",
					"$(inherited)",
				);
				GCC_WARN_64_TO_32_BIT_CONVERSION = YES;
				GCC_WARN_ABOUT_RETURN_TYPE = YES_ERROR;
				GCC_WARN_UNDECLARED_SELECTOR = YES;
				GCC_WARN_UNINITIALIZED_AUTOS = YES_AGGRESSIVE;
				GCC_WARN_UNUSED_FUNCTION = YES;
				GCC_WARN_UNUSED_VARIABLE = YES;
				MTL_ENABLE_DEBUG_INFO = INCLUDE_SOURCE;
				MTL_FAST_MATH = YES;
				ONLY_ACTIVE_ARCH = YES;
				SWIFT_ACTIVE_COMPILATION_CONDITIONS = DEBUG;
				SWIFT_OPTIMIZATION_LEVEL = "-Onone";
			};
			name = Debug;
		};
		F26AB97E2A1DA438009B41E3 /* Release */ = {
			isa = XCBuildConfiguration;
			buildSettings = {
				ALWAYS_SEARCH_USER_PATHS = NO;
				CLANG_ANALYZER_NONNULL = YES;
				CLANG_ANALYZER_NUMBER_OBJECT_CONVERSION = YES_AGGRESSIVE;
				CLANG_CXX_LANGUAGE_STANDARD = "gnu++20";
				CLANG_ENABLE_MODULES = YES;
				CLANG_ENABLE_OBJC_ARC = YES;
				CLANG_ENABLE_OBJC_WEAK = YES;
				CLANG_WARN_BLOCK_CAPTURE_AUTORELEASING = YES;
				CLANG_WARN_BOOL_CONVERSION = YES;
				CLANG_WARN_COMMA = YES;
				CLANG_WARN_CONSTANT_CONVERSION = YES;
				CLANG_WARN_DEPRECATED_OBJC_IMPLEMENTATIONS = YES;
				CLANG_WARN_DIRECT_OBJC_ISA_USAGE = YES_ERROR;
				CLANG_WARN_DOCUMENTATION_COMMENTS = YES;
				CLANG_WARN_EMPTY_BODY = YES;
				CLANG_WARN_ENUM_CONVERSION = YES;
				CLANG_WARN_INFINITE_RECURSION = YES;
				CLANG_WARN_INT_CONVERSION = YES;
				CLANG_WARN_NON_LITERAL_NULL_CONVERSION = YES;
				CLANG_WARN_OBJC_IMPLICIT_RETAIN_SELF = YES;
				CLANG_WARN_OBJC_LITERAL_CONVERSION = YES;
				CLANG_WARN_OBJC_ROOT_CLASS = YES_ERROR;
				CLANG_WARN_QUOTED_INCLUDE_IN_FRAMEWORK_HEADER = YES;
				CLANG_WARN_RANGE_LOOP_ANALYSIS = YES;
				CLANG_WARN_STRICT_PROTOTYPES = YES;
				CLANG_WARN_SUSPICIOUS_MOVE = YES;
				CLANG_WARN_UNGUARDED_AVAILABILITY = YES_AGGRESSIVE;
				CLANG_WARN_UNREACHABLE_CODE = YES;
				CLANG_WARN__DUPLICATE_METHOD_MATCH = YES;
				COPY_PHASE_STRIP = NO;
				DEBUG_INFORMATION_FORMAT = "dwarf-with-dsym";
				ENABLE_NS_ASSERTIONS = NO;
				ENABLE_STRICT_OBJC_MSGSEND = YES;
				GCC_C_LANGUAGE_STANDARD = gnu11;
				GCC_NO_COMMON_BLOCKS = YES;
				GCC_WARN_64_TO_32_BIT_CONVERSION = YES;
				GCC_WARN_ABOUT_RETURN_TYPE = YES_ERROR;
				GCC_WARN_UNDECLARED_SELECTOR = YES;
				GCC_WARN_UNINITIALIZED_AUTOS = YES_AGGRESSIVE;
				GCC_WARN_UNUSED_FUNCTION = YES;
				GCC_WARN_UNUSED_VARIABLE = YES;
				MTL_ENABLE_DEBUG_INFO = NO;
				MTL_FAST_MATH = YES;
				SWIFT_COMPILATION_MODE = wholemodule;
				SWIFT_OPTIMIZATION_LEVEL = "-O";
			};
			name = Release;
		};
		F26AB9802A1DA438009B41E3 /* Debug */ = {
			isa = XCBuildConfiguration;
			buildSettings = {
				ASSETCATALOG_COMPILER_APPICON_NAME = AppIcon;
				ASSETCATALOG_COMPILER_GLOBAL_ACCENT_COLOR_NAME = AccentColor;
				CODE_SIGN_ENTITLEMENTS = Stablty/Stablty.entitlements;
				CODE_SIGN_IDENTITY = "Apple Development";
				CODE_SIGN_STYLE = Automatic;
				CURRENT_PROJECT_VERSION = 5;
				DEVELOPMENT_ASSET_PATHS = "\"Stablty/Preview Content\"";
				DEVELOPMENT_TEAM = 9FPAW4J6WR;
				ENABLE_HARDENED_RUNTIME = YES;
				ENABLE_PREVIEWS = YES;
				GENERATE_INFOPLIST_FILE = YES;
				INFOPLIST_FILE = Stablty/Info.plist;
				"INFOPLIST_KEY_UIApplicationSceneManifest_Generation[sdk=iphoneos*]" = YES;
				"INFOPLIST_KEY_UIApplicationSceneManifest_Generation[sdk=iphonesimulator*]" = YES;
				"INFOPLIST_KEY_UIApplicationSupportsIndirectInputEvents[sdk=iphoneos*]" = YES;
				"INFOPLIST_KEY_UIApplicationSupportsIndirectInputEvents[sdk=iphonesimulator*]" = YES;
				"INFOPLIST_KEY_UILaunchScreen_Generation[sdk=iphoneos*]" = YES;
				"INFOPLIST_KEY_UILaunchScreen_Generation[sdk=iphonesimulator*]" = YES;
				"INFOPLIST_KEY_UIStatusBarStyle[sdk=iphoneos*]" = UIStatusBarStyleDefault;
				"INFOPLIST_KEY_UIStatusBarStyle[sdk=iphonesimulator*]" = UIStatusBarStyleDefault;
				INFOPLIST_KEY_UISupportedInterfaceOrientations_iPad = "UIInterfaceOrientationPortrait UIInterfaceOrientationPortraitUpsideDown UIInterfaceOrientationLandscapeLeft UIInterfaceOrientationLandscapeRight";
				INFOPLIST_KEY_UISupportedInterfaceOrientations_iPhone = "UIInterfaceOrientationPortrait UIInterfaceOrientationLandscapeLeft UIInterfaceOrientationLandscapeRight";
				IPHONEOS_DEPLOYMENT_TARGET = 15.0;
				LD_RUNPATH_SEARCH_PATHS = "@executable_path/Frameworks";
				"LD_RUNPATH_SEARCH_PATHS[sdk=macosx*]" = "@executable_path/../Frameworks";
				MACOSX_DEPLOYMENT_TARGET = 13.3;
				MARKETING_VERSION = 1.0;
				PRODUCT_BUNDLE_IDENTIFIER = com.stablty.Stablty;
				PRODUCT_NAME = "$(TARGET_NAME)";
				PROVISIONING_PROFILE_SPECIFIER = "";
				SDKROOT = auto;
				SUPPORTED_PLATFORMS = "iphoneos iphonesimulator";
				SUPPORTS_MACCATALYST = NO;
				SUPPORTS_MAC_DESIGNED_FOR_IPHONE_IPAD = NO;
				SWIFT_EMIT_LOC_STRINGS = YES;
				SWIFT_VERSION = 5.0;
				TARGETED_DEVICE_FAMILY = "1,2";
			};
			name = Debug;
		};
		F26AB9812A1DA438009B41E3 /* Release */ = {
			isa = XCBuildConfiguration;
			buildSettings = {
				ASSETCATALOG_COMPILER_APPICON_NAME = AppIcon;
				ASSETCATALOG_COMPILER_GLOBAL_ACCENT_COLOR_NAME = AccentColor;
				CODE_SIGN_ENTITLEMENTS = Stablty/Stablty.entitlements;
				CODE_SIGN_IDENTITY = "Apple Development";
				CODE_SIGN_STYLE = Automatic;
				CURRENT_PROJECT_VERSION = 5;
				DEVELOPMENT_ASSET_PATHS = "\"Stablty/Preview Content\"";
				DEVELOPMENT_TEAM = 9FPAW4J6WR;
				ENABLE_HARDENED_RUNTIME = YES;
				ENABLE_PREVIEWS = YES;
				GENERATE_INFOPLIST_FILE = YES;
				INFOPLIST_FILE = Stablty/Info.plist;
				"INFOPLIST_KEY_UIApplicationSceneManifest_Generation[sdk=iphoneos*]" = YES;
				"INFOPLIST_KEY_UIApplicationSceneManifest_Generation[sdk=iphonesimulator*]" = YES;
				"INFOPLIST_KEY_UIApplicationSupportsIndirectInputEvents[sdk=iphoneos*]" = YES;
				"INFOPLIST_KEY_UIApplicationSupportsIndirectInputEvents[sdk=iphonesimulator*]" = YES;
				"INFOPLIST_KEY_UILaunchScreen_Generation[sdk=iphoneos*]" = YES;
				"INFOPLIST_KEY_UILaunchScreen_Generation[sdk=iphonesimulator*]" = YES;
				"INFOPLIST_KEY_UIStatusBarStyle[sdk=iphoneos*]" = UIStatusBarStyleDefault;
				"INFOPLIST_KEY_UIStatusBarStyle[sdk=iphonesimulator*]" = UIStatusBarStyleDefault;
				INFOPLIST_KEY_UISupportedInterfaceOrientations_iPad = "UIInterfaceOrientationPortrait UIInterfaceOrientationPortraitUpsideDown UIInterfaceOrientationLandscapeLeft UIInterfaceOrientationLandscapeRight";
				INFOPLIST_KEY_UISupportedInterfaceOrientations_iPhone = "UIInterfaceOrientationPortrait UIInterfaceOrientationLandscapeLeft UIInterfaceOrientationLandscapeRight";
				IPHONEOS_DEPLOYMENT_TARGET = 15.0;
				LD_RUNPATH_SEARCH_PATHS = "@executable_path/Frameworks";
				"LD_RUNPATH_SEARCH_PATHS[sdk=macosx*]" = "@executable_path/../Frameworks";
				MACOSX_DEPLOYMENT_TARGET = 13.3;
				MARKETING_VERSION = 1.0;
				PRODUCT_BUNDLE_IDENTIFIER = com.stablty.Stablty;
				PRODUCT_NAME = "$(TARGET_NAME)";
				PROVISIONING_PROFILE_SPECIFIER = "";
				SDKROOT = auto;
				SUPPORTED_PLATFORMS = "iphoneos iphonesimulator";
				SUPPORTS_MACCATALYST = NO;
				SUPPORTS_MAC_DESIGNED_FOR_IPHONE_IPAD = NO;
				SWIFT_EMIT_LOC_STRINGS = YES;
				SWIFT_VERSION = 5.0;
				TARGETED_DEVICE_FAMILY = "1,2";
			};
			name = Release;
		};
		F26AB9832A1DA438009B41E3 /* Debug */ = {
			isa = XCBuildConfiguration;
			buildSettings = {
				ALWAYS_EMBED_SWIFT_STANDARD_LIBRARIES = YES;
				BUNDLE_LOADER = "$(TEST_HOST)";
				CODE_SIGN_STYLE = Manual;
				CURRENT_PROJECT_VERSION = 1;
				DEVELOPMENT_TEAM = "";
				GENERATE_INFOPLIST_FILE = YES;
				IPHONEOS_DEPLOYMENT_TARGET = 16.4;
				MACOSX_DEPLOYMENT_TARGET = 13.3;
				MARKETING_VERSION = 1.0;
				PRODUCT_BUNDLE_IDENTIFIER = com.stablty.StabltyTests;
				PRODUCT_NAME = "$(TARGET_NAME)";
				PROVISIONING_PROFILE_SPECIFIER = "";
				SDKROOT = auto;
				SUPPORTED_PLATFORMS = "iphoneos iphonesimulator macosx";
				SWIFT_EMIT_LOC_STRINGS = NO;
				SWIFT_VERSION = 5.0;
				TARGETED_DEVICE_FAMILY = "1,2";
				TEST_HOST = "$(BUILT_PRODUCTS_DIR)/Stablty.app/$(BUNDLE_EXECUTABLE_FOLDER_PATH)/Stablty";
			};
			name = Debug;
		};
		F26AB9842A1DA438009B41E3 /* Release */ = {
			isa = XCBuildConfiguration;
			buildSettings = {
				ALWAYS_EMBED_SWIFT_STANDARD_LIBRARIES = YES;
				BUNDLE_LOADER = "$(TEST_HOST)";
				CODE_SIGN_STYLE = Manual;
				CURRENT_PROJECT_VERSION = 1;
				DEVELOPMENT_TEAM = "";
				GENERATE_INFOPLIST_FILE = YES;
				IPHONEOS_DEPLOYMENT_TARGET = 16.4;
				MACOSX_DEPLOYMENT_TARGET = 13.3;
				MARKETING_VERSION = 1.0;
				PRODUCT_BUNDLE_IDENTIFIER = com.stablty.StabltyTests;
				PRODUCT_NAME = "$(TARGET_NAME)";
				PROVISIONING_PROFILE_SPECIFIER = "";
				SDKROOT = auto;
				SUPPORTED_PLATFORMS = "iphoneos iphonesimulator macosx";
				SWIFT_EMIT_LOC_STRINGS = NO;
				SWIFT_VERSION = 5.0;
				TARGETED_DEVICE_FAMILY = "1,2";
				TEST_HOST = "$(BUILT_PRODUCTS_DIR)/Stablty.app/$(BUNDLE_EXECUTABLE_FOLDER_PATH)/Stablty";
			};
			name = Release;
		};
		F26AB9862A1DA438009B41E3 /* Debug */ = {
			isa = XCBuildConfiguration;
			buildSettings = {
				ALWAYS_EMBED_SWIFT_STANDARD_LIBRARIES = YES;
				CODE_SIGN_STYLE = Manual;
				CURRENT_PROJECT_VERSION = 1;
				DEVELOPMENT_TEAM = "";
				GENERATE_INFOPLIST_FILE = YES;
				IPHONEOS_DEPLOYMENT_TARGET = 16.4;
				MACOSX_DEPLOYMENT_TARGET = 13.3;
				MARKETING_VERSION = 1.0;
				PRODUCT_BUNDLE_IDENTIFIER = com.stablty.StabltyUITests;
				PRODUCT_NAME = "$(TARGET_NAME)";
				PROVISIONING_PROFILE_SPECIFIER = "";
				SDKROOT = auto;
				SUPPORTED_PLATFORMS = "iphoneos iphonesimulator macosx";
				SWIFT_EMIT_LOC_STRINGS = NO;
				SWIFT_VERSION = 5.0;
				TARGETED_DEVICE_FAMILY = "1,2";
				TEST_TARGET_NAME = Stablty;
			};
			name = Debug;
		};
		F26AB9872A1DA438009B41E3 /* Release */ = {
			isa = XCBuildConfiguration;
			buildSettings = {
				ALWAYS_EMBED_SWIFT_STANDARD_LIBRARIES = YES;
				CODE_SIGN_STYLE = Manual;
				CURRENT_PROJECT_VERSION = 1;
				DEVELOPMENT_TEAM = "";
				GENERATE_INFOPLIST_FILE = YES;
				IPHONEOS_DEPLOYMENT_TARGET = 16.4;
				MACOSX_DEPLOYMENT_TARGET = 13.3;
				MARKETING_VERSION = 1.0;
				PRODUCT_BUNDLE_IDENTIFIER = com.stablty.StabltyUITests;
				PRODUCT_NAME = "$(TARGET_NAME)";
				PROVISIONING_PROFILE_SPECIFIER = "";
				SDKROOT = auto;
				SUPPORTED_PLATFORMS = "iphoneos iphonesimulator macosx";
				SWIFT_EMIT_LOC_STRINGS = NO;
				SWIFT_VERSION = 5.0;
				TARGETED_DEVICE_FAMILY = "1,2";
				TEST_TARGET_NAME = Stablty;
			};
			name = Release;
		};
/* End XCBuildConfiguration section */

/* Begin XCConfigurationList section */
		F26AB9552A1DA437009B41E3 /* Build configuration list for PBXProject "Stablty" */ = {
			isa = XCConfigurationList;
			buildConfigurations = (
				F26AB97D2A1DA438009B41E3 /* Debug */,
				F26AB97E2A1DA438009B41E3 /* Release */,
			);
			defaultConfigurationIsVisible = 0;
			defaultConfigurationName = Release;
		};
		F26AB97F2A1DA438009B41E3 /* Build configuration list for PBXNativeTarget "Stablty" */ = {
			isa = XCConfigurationList;
			buildConfigurations = (
				F26AB9802A1DA438009B41E3 /* Debug */,
				F26AB9812A1DA438009B41E3 /* Release */,
			);
			defaultConfigurationIsVisible = 0;
			defaultConfigurationName = Release;
		};
		F26AB9822A1DA438009B41E3 /* Build configuration list for PBXNativeTarget "StabltyTests" */ = {
			isa = XCConfigurationList;
			buildConfigurations = (
				F26AB9832A1DA438009B41E3 /* Debug */,
				F26AB9842A1DA438009B41E3 /* Release */,
			);
			defaultConfigurationIsVisible = 0;
			defaultConfigurationName = Release;
		};
		F26AB9852A1DA438009B41E3 /* Build configuration list for PBXNativeTarget "StabltyUITests" */ = {
			isa = XCConfigurationList;
			buildConfigurations = (
				F26AB9862A1DA438009B41E3 /* Debug */,
				F26AB9872A1DA438009B41E3 /* Release */,
			);
			defaultConfigurationIsVisible = 0;
			defaultConfigurationName = Release;
		};
/* End XCConfigurationList section */

/* Begin XCRemoteSwiftPackageReference section */
		F26AB9902A1E696B009B41E3 /* XCRemoteSwiftPackageReference "firebase-ios-sdk" */ = {
			isa = XCRemoteSwiftPackageReference;
			repositoryURL = "https://github.com/firebase/firebase-ios-sdk";
			requirement = {
				kind = upToNextMajorVersion;
				minimumVersion = 10.0.0;
			};
		};
/* End XCRemoteSwiftPackageReference section */

/* Begin XCSwiftPackageProductDependency section */
		F26AB9912A1E696B009B41E3 /* FirebaseAnalytics */ = {
			isa = XCSwiftPackageProductDependency;
			package = F26AB9902A1E696B009B41E3 /* XCRemoteSwiftPackageReference "firebase-ios-sdk" */;
			productName = FirebaseAnalytics;
		};
		F26AB9932A1E696B009B41E3 /* FirebaseAnalyticsSwift */ = {
			isa = XCSwiftPackageProductDependency;
			package = F26AB9902A1E696B009B41E3 /* XCRemoteSwiftPackageReference "firebase-ios-sdk" */;
			productName = FirebaseAnalyticsSwift;
		};
		F26AB9952A1E696B009B41E3 /* FirebaseAppCheck */ = {
			isa = XCSwiftPackageProductDependency;
			package = F26AB9902A1E696B009B41E3 /* XCRemoteSwiftPackageReference "firebase-ios-sdk" */;
			productName = FirebaseAppCheck;
		};
		F26AB9972A1E696B009B41E3 /* FirebaseAuth */ = {
			isa = XCSwiftPackageProductDependency;
			package = F26AB9902A1E696B009B41E3 /* XCRemoteSwiftPackageReference "firebase-ios-sdk" */;
			productName = FirebaseAuth;
		};
		F26AB9992A1E696B009B41E3 /* FirebaseFirestore */ = {
			isa = XCSwiftPackageProductDependency;
			package = F26AB9902A1E696B009B41E3 /* XCRemoteSwiftPackageReference "firebase-ios-sdk" */;
			productName = FirebaseFirestore;
		};
		F26AB99B2A1E696B009B41E3 /* FirebaseFirestoreSwift */ = {
			isa = XCSwiftPackageProductDependency;
			package = F26AB9902A1E696B009B41E3 /* XCRemoteSwiftPackageReference "firebase-ios-sdk" */;
			productName = FirebaseFirestoreSwift;
		};
		F26AB99D2A1E696B009B41E3 /* FirebaseFunctions */ = {
			isa = XCSwiftPackageProductDependency;
			package = F26AB9902A1E696B009B41E3 /* XCRemoteSwiftPackageReference "firebase-ios-sdk" */;
			productName = FirebaseFunctions;
		};
/* End XCSwiftPackageProductDependency section */
	};
	rootObject = F26AB9522A1DA437009B41E3 /* Project object */;
}
